
Microsoft Visual Studio Solution File, Format Version 12.00
# Visual Studio Version 16
VisualStudioVersion = 16.0.30907.101
MinimumVisualStudioVersion = 10.0.40219.1
Project("{FAE04EC0-301F-11D3-BF4B-00C04F79EFBC}") = "ManyMethods", "ManyMethods\ManyMethods.csproj", "{91A050D6-BC0F-432A-9CB3-23650989A781}"
EndProject
Global
	GlobalSection(SolutionConfigurationPlatforms) = preSolution
		Debug|Any CPU = Debug|Any CPU
		Release|Any CPU = Release|Any CPU
	EndGlobalSection
	GlobalSection(ProjectConfigurationPlatforms) = postSolution
		{91A050D6-BC0F-432A-9CB3-23650989A781}.Debug|Any CPU.ActiveCfg = Debug|Any CPU
		{91A050D6-BC0F-432A-9CB3-23650989A781}.Debug|Any CPU.Build.0 = Debug|Any CPU
		{91A050D6-BC0F-432A-9CB3-23650989A781}.Release|Any CPU.ActiveCfg = Release|Any CPU
		{91A050D6-BC0F-432A-9CB3-23650989A781}.Release|Any CPU.Build.0 = Release|Any CPU
	EndGlobalSection
	GlobalSection(SolutionProperties) = preSolution
		HideSolutionNode = FALSE
	EndGlobalSection
	GlobalSection(ExtensibilityGlobals) = postSolution
		SolutionGuid = {CFDEA102-0511-425B-AE6D-959B8F8E725F}
	EndGlobalSection
EndGlobal
